
Microsoft Visual Studio Solution File, Format Version 12.00
# Visual Studio Version 17
VisualStudioVersion = 17.10.35013.160
MinimumVisualStudioVersion = 10.0.40219.1
Project("{FAE04EC0-301F-11D3-BF4B-00C04F79EFBC}") = "Demo", "Demo\Demo.csproj", "{1DE13A06-AEB2-4240-A7C5-A6713ED9225C}"
EndProject
Global
	GlobalSection(SolutionConfigurationPlatforms) = preSolution
		Debug|Any CPU = Debug|Any CPU
		Release|Any CPU = Release|Any CPU
	EndGlobalSection
	GlobalSection(ProjectConfigurationPlatforms) = postSolution
		{1DE13A06-AEB2-4240-A7C5-A6713ED9225C}.Debug|Any CPU.ActiveCfg = Debug|Any CPU
		{1DE13A06-AEB2-4240-A7C5-A6713ED9225C}.Debug|Any CPU.Build.0 = Debug|Any CPU
		{1DE13A06-AEB2-4240-A7C5-A6713ED9225C}.Release|Any CPU.ActiveCfg = Release|Any CPU
		{1DE13A06-AEB2-4240-A7C5-A6713ED9225C}.Release|Any CPU.Build.0 = Release|Any CPU
	EndGlobalSection
	GlobalSection(SolutionProperties) = preSolution
		HideSolutionNode = FALSE
	EndGlobalSection
	GlobalSection(ExtensibilityGlobals) = postSolution
		SolutionGuid = {6B280ACA-5CD8-4DC6-A24F-C61DB80FB5C1}
	EndGlobalSection
EndGlobal
